
Microsoft Visual Studio Solution File, Format Version 12.00
# Visual Studio Version 16
VisualStudioVersion = 16.0.29806.167
MinimumVisualStudioVersion = 10.0.40219.1
Project("{8BC9CEB8-8B4A-11D0-8D11-00A0C91BC942}") = "SDL template", "SDL template\SDL template.vcxproj", "{C81A43ED-5E44-46E9-9A5D-33223793DCE8}"
EndProject
Project("{8BC9CEB8-8B4A-11D0-8D11-00A0C91BC942}") = "lib_Timer", "lib_Timer\lib_Timer.vcxproj", "{73652128-F80A-469C-B4DC-DE7CEFBE2FEF}"
EndProject
Project("{8BC9CEB8-8B4A-11D0-8D11-00A0C91BC942}") = "Timer example", "Timer example\Timer example.vcxproj", "{14ACA8BD-66C2-4D43-AB36-0907F4F54659}"
EndProject
Project("{8BC9CEB8-8B4A-11D0-8D11-00A0C91BC942}") = "lib_Slider", "lib_Slider\lib_Slider.vcxproj", "{D770BBF2-9AA2-4132-B693-72CF5DBB5ABF}"
EndProject
Project("{2150E333-8FDC-42A3-9474-1A3956D46DE8}") = "2. libraries", "2. libraries", "{2583C822-D65A-49CF-BA44-A80BF096E31F}"
EndProject
Project("{8BC9CEB8-8B4A-11D0-8D11-00A0C91BC942}") = "lib_Point", "lib_Point\lib_Point.vcxproj", "{950467CB-52EB-404C-A207-2AC54EAEE5DE}"
EndProject
Project("{2150E333-8FDC-42A3-9474-1A3956D46DE8}") = "Timer", "Timer", "{B2FA2BF8-63EB-4FC1-A39A-BFF41F898C7F}"
EndProject
Project("{2150E333-8FDC-42A3-9474-1A3956D46DE8}") = "Point", "Point", "{73DBD227-37E7-443B-B6C5-F19717A72E0B}"
EndProject
Project("{2150E333-8FDC-42A3-9474-1A3956D46DE8}") = "Slider", "Slider", "{71771A18-9416-4A55-B864-5B887F6869CA}"
EndProject
Project("{8BC9CEB8-8B4A-11D0-8D11-00A0C91BC942}") = "Point example", "Point example\Point example.vcxproj", "{B19A63E9-3F46-4687-A064-4B230AD6266A}"
EndProject
Project("{8BC9CEB8-8B4A-11D0-8D11-00A0C91BC942}") = "Slider example", "Slider example\Slider example.vcxproj", "{BDA63731-F725-477C-8873-56BC1DFAE572}"
EndProject
Project("{2150E333-8FDC-42A3-9474-1A3956D46DE8}") = "Cloud", "Cloud", "{24EA88B5-5C3D-4F73-8BAC-3C60BD18032F}"
EndProject
Project("{8BC9CEB8-8B4A-11D0-8D11-00A0C91BC942}") = "lib_Cloud", "lib_Cloud\lib_Cloud.vcxproj", "{A88F9F95-2C26-4BE5-A559-7376289E17F2}"
EndProject
Project("{8BC9CEB8-8B4A-11D0-8D11-00A0C91BC942}") = "Cloud example", "Cloud example\Cloud example.vcxproj", "{8019A2C2-1752-48C0-8294-2B90EFF4FBA5}"
EndProject
Project("{2150E333-8FDC-42A3-9474-1A3956D46DE8}") = "1. template SDL", "1. template SDL", "{6269E705-7B14-4562-B76C-60D20993196C}"
EndProject
Project("{2150E333-8FDC-42A3-9474-1A3956D46DE8}") = "corrections", "corrections", "{75E6BFC0-1535-4BE3-B060-757865C24C15}"
EndProject
Project("{2150E333-8FDC-42A3-9474-1A3956D46DE8}") = "exemples", "exemples", "{8020652F-DB9E-4A26-9F36-AC15107AA4B0}"
EndProject
Project("{2150E333-8FDC-42A3-9474-1A3956D46DE8}") = "3. Math", "3. Math", "{7D96BB04-FB59-47F9-B62B-7CB5297DBB03}"
EndProject
Global
	GlobalSection(SolutionConfigurationPlatforms) = preSolution
		Debug|Any CPU = Debug|Any CPU
		Debug|x64 = Debug|x64
		Debug|x86 = Debug|x86
		Release|Any CPU = Release|Any CPU
		Release|x64 = Release|x64
		Release|x86 = Release|x86
	EndGlobalSection
	GlobalSection(ProjectConfigurationPlatforms) = postSolution
		{C81A43ED-5E44-46E9-9A5D-33223793DCE8}.Debug|Any CPU.ActiveCfg = Debug|Win32
		{C81A43ED-5E44-46E9-9A5D-33223793DCE8}.Debug|x64.ActiveCfg = Debug|x64
		{C81A43ED-5E44-46E9-9A5D-33223793DCE8}.Debug|x64.Build.0 = Debug|x64
		{C81A43ED-5E44-46E9-9A5D-33223793DCE8}.Debug|x86.ActiveCfg = Debug|Win32
		{C81A43ED-5E44-46E9-9A5D-33223793DCE8}.Debug|x86.Build.0 = Debug|Win32
		{C81A43ED-5E44-46E9-9A5D-33223793DCE8}.Release|Any CPU.ActiveCfg = Release|Win32
		{C81A43ED-5E44-46E9-9A5D-33223793DCE8}.Release|x64.ActiveCfg = Release|x64
		{C81A43ED-5E44-46E9-9A5D-33223793DCE8}.Release|x64.Build.0 = Release|x64
		{C81A43ED-5E44-46E9-9A5D-33223793DCE8}.Release|x86.ActiveCfg = Release|Win32
		{C81A43ED-5E44-46E9-9A5D-33223793DCE8}.Release|x86.Build.0 = Release|Win32
		{73652128-F80A-469C-B4DC-DE7CEFBE2FEF}.Debug|Any CPU.ActiveCfg = Debug|Win32
		{73652128-F80A-469C-B4DC-DE7CEFBE2FEF}.Debug|x64.ActiveCfg = Debug|x64
		{73652128-F80A-469C-B4DC-DE7CEFBE2FEF}.Debug|x64.Build.0 = Debug|x64
		{73652128-F80A-469C-B4DC-DE7CEFBE2FEF}.Debug|x86.ActiveCfg = Debug|Win32
		{73652128-F80A-469C-B4DC-DE7CEFBE2FEF}.Debug|x86.Build.0 = Debug|Win32
		{73652128-F80A-469C-B4DC-DE7CEFBE2FEF}.Release|Any CPU.ActiveCfg = Release|Win32
		{73652128-F80A-469C-B4DC-DE7CEFBE2FEF}.Release|x64.ActiveCfg = Release|x64
		{73652128-F80A-469C-B4DC-DE7CEFBE2FEF}.Release|x64.Build.0 = Release|x64
		{73652128-F80A-469C-B4DC-DE7CEFBE2FEF}.Release|x86.ActiveCfg = Release|Win32
		{73652128-F80A-469C-B4DC-DE7CEFBE2FEF}.Release|x86.Build.0 = Release|Win32
		{14ACA8BD-66C2-4D43-AB36-0907F4F54659}.Debug|Any CPU.ActiveCfg = Debug|Win32
		{14ACA8BD-66C2-4D43-AB36-0907F4F54659}.Debug|x64.ActiveCfg = Debug|x64
		{14ACA8BD-66C2-4D43-AB36-0907F4F54659}.Debug|x64.Build.0 = Debug|x64
		{14ACA8BD-66C2-4D43-AB36-0907F4F54659}.Debug|x86.ActiveCfg = Debug|Win32
		{14ACA8BD-66C2-4D43-AB36-0907F4F54659}.Debug|x86.Build.0 = Debug|Win32
		{14ACA8BD-66C2-4D43-AB36-0907F4F54659}.Release|Any CPU.ActiveCfg = Release|Win32
		{14ACA8BD-66C2-4D43-AB36-0907F4F54659}.Release|x64.ActiveCfg = Release|x64
		{14ACA8BD-66C2-4D43-AB36-0907F4F54659}.Release|x64.Build.0 = Release|x64
		{14ACA8BD-66C2-4D43-AB36-0907F4F54659}.Release|x86.ActiveCfg = Release|Win32
		{14ACA8BD-66C2-4D43-AB36-0907F4F54659}.Release|x86.Build.0 = Release|Win32
		{D770BBF2-9AA2-4132-B693-72CF5DBB5ABF}.Debug|Any CPU.ActiveCfg = Debug|Win32
		{D770BBF2-9AA2-4132-B693-72CF5DBB5ABF}.Debug|x64.ActiveCfg = Debug|x64
		{D770BBF2-9AA2-4132-B693-72CF5DBB5ABF}.Debug|x64.Build.0 = Debug|x64
		{D770BBF2-9AA2-4132-B693-72CF5DBB5ABF}.Debug|x86.ActiveCfg = Debug|Win32
		{D770BBF2-9AA2-4132-B693-72CF5DBB5ABF}.Debug|x86.Build.0 = Debug|Win32
		{D770BBF2-9AA2-4132-B693-72CF5DBB5ABF}.Release|Any CPU.ActiveCfg = Release|Win32
		{D770BBF2-9AA2-4132-B693-72CF5DBB5ABF}.Release|x64.ActiveCfg = Release|x64
		{D770BBF2-9AA2-4132-B693-72CF5DBB5ABF}.Release|x64.Build.0 = Release|x64
		{D770BBF2-9AA2-4132-B693-72CF5DBB5ABF}.Release|x86.ActiveCfg = Release|Win32
		{D770BBF2-9AA2-4132-B693-72CF5DBB5ABF}.Release|x86.Build.0 = Release|Win32
		{950467CB-52EB-404C-A207-2AC54EAEE5DE}.Debug|Any CPU.ActiveCfg = Debug|Win32
		{950467CB-52EB-404C-A207-2AC54EAEE5DE}.Debug|x64.ActiveCfg = Debug|x64
		{950467CB-52EB-404C-A207-2AC54EAEE5DE}.Debug|x64.Build.0 = Debug|x64
		{950467CB-52EB-404C-A207-2AC54EAEE5DE}.Debug|x86.ActiveCfg = Debug|Win32
		{950467CB-52EB-404C-A207-2AC54EAEE5DE}.Debug|x86.Build.0 = Debug|Win32
		{950467CB-52EB-404C-A207-2AC54EAEE5DE}.Release|Any CPU.ActiveCfg = Release|Win32
		{950467CB-52EB-404C-A207-2AC54EAEE5DE}.Release|x64.ActiveCfg = Release|x64
		{950467CB-52EB-404C-A207-2AC54EAEE5DE}.Release|x64.Build.0 = Release|x64
		{950467CB-52EB-404C-A207-2AC54EAEE5DE}.Release|x86.ActiveCfg = Release|Win32
		{950467CB-52EB-404C-A207-2AC54EAEE5DE}.Release|x86.Build.0 = Release|Win32
		{B19A63E9-3F46-4687-A064-4B230AD6266A}.Debug|Any CPU.ActiveCfg = Debug|Win32
		{B19A63E9-3F46-4687-A064-4B230AD6266A}.Debug|x64.ActiveCfg = Debug|x64
		{B19A63E9-3F46-4687-A064-4B230AD6266A}.Debug|x64.Build.0 = Debug|x64
		{B19A63E9-3F46-4687-A064-4B230AD6266A}.Debug|x86.ActiveCfg = Debug|Win32
		{B19A63E9-3F46-4687-A064-4B230AD6266A}.Debug|x86.Build.0 = Debug|Win32
		{B19A63E9-3F46-4687-A064-4B230AD6266A}.Release|Any CPU.ActiveCfg = Release|Win32
		{B19A63E9-3F46-4687-A064-4B230AD6266A}.Release|x64.ActiveCfg = Release|x64
		{B19A63E9-3F46-4687-A064-4B230AD6266A}.Release|x64.Build.0 = Release|x64
		{B19A63E9-3F46-4687-A064-4B230AD6266A}.Release|x86.ActiveCfg = Release|Win32
		{B19A63E9-3F46-4687-A064-4B230AD6266A}.Release|x86.Build.0 = Release|Win32
		{BDA63731-F725-477C-8873-56BC1DFAE572}.Debug|Any CPU.ActiveCfg = Debug|Win32
		{BDA63731-F725-477C-8873-56BC1DFAE572}.Debug|x64.ActiveCfg = Debug|x64
		{BDA63731-F725-477C-8873-56BC1DFAE572}.Debug|x64.Build.0 = Debug|x64
		{BDA63731-F725-477C-8873-56BC1DFAE572}.Debug|x86.ActiveCfg = Debug|Win32
		{BDA63731-F725-477C-8873-56BC1DFAE572}.Debug|x86.Build.0 = Debug|Win32
		{BDA63731-F725-477C-8873-56BC1DFAE572}.Release|Any CPU.ActiveCfg = Release|Win32
		{BDA63731-F725-477C-8873-56BC1DFAE572}.Release|x64.ActiveCfg = Release|x64
		{BDA63731-F725-477C-8873-56BC1DFAE572}.Release|x64.Build.0 = Release|x64
		{BDA63731-F725-477C-8873-56BC1DFAE572}.Release|x86.ActiveCfg = Release|Win32
		{BDA63731-F725-477C-8873-56BC1DFAE572}.Release|x86.Build.0 = Release|Win32
		{A88F9F95-2C26-4BE5-A559-7376289E17F2}.Debug|Any CPU.ActiveCfg = Debug|Win32
		{A88F9F95-2C26-4BE5-A559-7376289E17F2}.Debug|x64.ActiveCfg = Debug|x64
		{A88F9F95-2C26-4BE5-A559-7376289E17F2}.Debug|x64.Build.0 = Debug|x64
		{A88F9F95-2C26-4BE5-A559-7376289E17F2}.Debug|x86.ActiveCfg = Debug|Win32
		{A88F9F95-2C26-4BE5-A559-7376289E17F2}.Debug|x86.Build.0 = Debug|Win32
		{A88F9F95-2C26-4BE5-A559-7376289E17F2}.Release|Any CPU.ActiveCfg = Release|Win32
		{A88F9F95-2C26-4BE5-A559-7376289E17F2}.Release|x64.ActiveCfg = Release|x64
		{A88F9F95-2C26-4BE5-A559-7376289E17F2}.Release|x64.Build.0 = Release|x64
		{A88F9F95-2C26-4BE5-A559-7376289E17F2}.Release|x86.ActiveCfg = Release|Win32
		{A88F9F95-2C26-4BE5-A559-7376289E17F2}.Release|x86.Build.0 = Release|Win32
		{8019A2C2-1752-48C0-8294-2B90EFF4FBA5}.Debug|Any CPU.ActiveCfg = Debug|Win32
		{8019A2C2-1752-48C0-8294-2B90EFF4FBA5}.Debug|x64.ActiveCfg = Debug|x64
		{8019A2C2-1752-48C0-8294-2B90EFF4FBA5}.Debug|x64.Build.0 = Debug|x64
		{8019A2C2-1752-48C0-8294-2B90EFF4FBA5}.Debug|x86.ActiveCfg = Debug|Win32
		{8019A2C2-1752-48C0-8294-2B90EFF4FBA5}.Debug|x86.Build.0 = Debug|Win32
		{8019A2C2-1752-48C0-8294-2B90EFF4FBA5}.Release|Any CPU.ActiveCfg = Release|Win32
		{8019A2C2-1752-48C0-8294-2B90EFF4FBA5}.Release|x64.ActiveCfg = Release|x64
		{8019A2C2-1752-48C0-8294-2B90EFF4FBA5}.Release|x64.Build.0 = Release|x64
		{8019A2C2-1752-48C0-8294-2B90EFF4FBA5}.Release|x86.ActiveCfg = Release|Win32
		{8019A2C2-1752-48C0-8294-2B90EFF4FBA5}.Release|x86.Build.0 = Release|Win32
	EndGlobalSection
	GlobalSection(SolutionProperties) = preSolution
		HideSolutionNode = FALSE
	EndGlobalSection
	GlobalSection(NestedProjects) = preSolution
		{C81A43ED-5E44-46E9-9A5D-33223793DCE8} = {6269E705-7B14-4562-B76C-60D20993196C}
		{73652128-F80A-469C-B4DC-DE7CEFBE2FEF} = {B2FA2BF8-63EB-4FC1-A39A-BFF41F898C7F}
		{14ACA8BD-66C2-4D43-AB36-0907F4F54659} = {B2FA2BF8-63EB-4FC1-A39A-BFF41F898C7F}
		{D770BBF2-9AA2-4132-B693-72CF5DBB5ABF} = {71771A18-9416-4A55-B864-5B887F6869CA}
		{950467CB-52EB-404C-A207-2AC54EAEE5DE} = {73DBD227-37E7-443B-B6C5-F19717A72E0B}
		{B2FA2BF8-63EB-4FC1-A39A-BFF41F898C7F} = {2583C822-D65A-49CF-BA44-A80BF096E31F}
		{73DBD227-37E7-443B-B6C5-F19717A72E0B} = {2583C822-D65A-49CF-BA44-A80BF096E31F}
		{71771A18-9416-4A55-B864-5B887F6869CA} = {2583C822-D65A-49CF-BA44-A80BF096E31F}
		{B19A63E9-3F46-4687-A064-4B230AD6266A} = {73DBD227-37E7-443B-B6C5-F19717A72E0B}
		{BDA63731-F725-477C-8873-56BC1DFAE572} = {71771A18-9416-4A55-B864-5B887F6869CA}
		{24EA88B5-5C3D-4F73-8BAC-3C60BD18032F} = {2583C822-D65A-49CF-BA44-A80BF096E31F}
		{A88F9F95-2C26-4BE5-A559-7376289E17F2} = {24EA88B5-5C3D-4F73-8BAC-3C60BD18032F}
		{8019A2C2-1752-48C0-8294-2B90EFF4FBA5} = {24EA88B5-5C3D-4F73-8BAC-3C60BD18032F}
		{75E6BFC0-1535-4BE3-B060-757865C24C15} = {7D96BB04-FB59-47F9-B62B-7CB5297DBB03}
		{8020652F-DB9E-4A26-9F36-AC15107AA4B0} = {7D96BB04-FB59-47F9-B62B-7CB5297DBB03}
	EndGlobalSection
	GlobalSection(ExtensibilityGlobals) = postSolution
		SolutionGuid = {F900EBAB-9C56-40A2-9B36-0BEB4A8B8B02}
	EndGlobalSection
EndGlobal
